{
  "version": 4,
  "terraform_version": "1.15.8",
  "serial": 3,
  "lineage": "52d155df-2e5e-9c26-f150-fab3d25e7b16",
  "outputs": {},
  "resources": [
    {
      "mode": "managed",
      "type": "local_file",
      "name": "infra_info",
      "provider": "provider[\"registry.terraform.io/hashicorp/local\"]",
      "instances": [
        {
          "schema_version": 0,
          "attributes": {
            "content": "Proyecto: pruebaClaro\r\nMicroservicio: clientes-service\r\nPuerto: 8080\r\nBase de datos: Oracle\r\nDespliegue: Kubernetes\r\n",
            "content_base64": null,
            "content_base64sha256": "WnmFiHTZttxJM4RVkgGdInqkI9GWfLiS57YOpxP24uo=",
            "content_base64sha512": "pKJ2DDA+dAtcy/61DzajP5l9Lvb5tih76HCDo9s68Ysl8huNRzChsFSpXI2og/XMDF21mMtZUcoQhxJa34yt2w==",
            "content_md5": "e29968c62b1f15506374b15c26a19914",
            "content_sha1": "dcfc6d729623205fcaa0fb3cbc75175dfb08c0a8",
            "content_sha256": "5a79858874d9b6dc4933845592019d227aa423d1967cb892e7b60ea713f6e2ea",
            "content_sha512": "a4a2760c303e740b5ccbfeb50f36a33f997d2ef6f9b6287be87083a3db3af18b25f21b8d4730a1b054a95c8da883f5cc0c5db598cb5951ca1087125adf8caddb",
            "directory_permission": "0777",
            "file_permission": "0777",
            "filename": "./infra_generada.txt",
            "id": "dcfc6d729623205fcaa0fb3cbc75175dfb08c0a8",
            "sensitive_content": null,
            "source": null
          },
          "sensitive_attributes": [
            [
              {
                "type": "get_attr",
                "value": "sensitive_content"
              }
            ]
          ],
          "identity_schema_version": 0
        }
      ]
    }
  ],
  "check_results": null
}
